// !$*UTF8*$!
{
	archiveVersion = 1;
	classes = {
	};
	objectVersion = 51;
	objects = {

/* Begin PBXBuildFile section */
		8A289441A57C1FEE7D7DDD95 /* Pods_UDSChallengeTests.framework in Frameworks */ = {isa = PBXBuildFile; fileRef = 4CE6B04FCEDC7A664A0C9281 /* Pods_UDSChallengeTests.framework */; };
		9ABA641823AFB41E00C08990 /* AppDelegate.swift in Sources */ = {isa = PBXBuildFile; fileRef = 9ABA641723AFB41E00C08990 /* AppDelegate.swift */; };
		9ABA641A23AFB41E00C08990 /* SceneDelegate.swift in Sources */ = {isa = PBXBuildFile; fileRef = 9ABA641923AFB41E00C08990 /* SceneDelegate.swift */; };
		9ABA641C23AFB41E00C08990 /* ViewController.swift in Sources */ = {isa = PBXBuildFile; fileRef = 9ABA641B23AFB41E00C08990 /* ViewController.swift */; };
		9ABA641F23AFB41E00C08990 /* Main.storyboard in Resources */ = {isa = PBXBuildFile; fileRef = 9ABA641D23AFB41E00C08990 /* Main.storyboard */; };
		9ABA642123AFB42200C08990 /* Assets.xcassets in Resources */ = {isa = PBXBuildFile; fileRef = 9ABA642023AFB42200C08990 /* Assets.xcassets */; };
		9ABA642423AFB42200C08990 /* LaunchScreen.storyboard in Resources */ = {isa = PBXBuildFile; fileRef = 9ABA642223AFB42200C08990 /* LaunchScreen.storyboard */; };
		9ABA642F23AFB42200C08990 /* UDSChallengeTests.swift in Sources */ = {isa = PBXBuildFile; fileRef = 9ABA642E23AFB42200C08990 /* UDSChallengeTests.swift */; };
		9ABA643B23AFB7A500C08990 /* Login.storyboard in Resources */ = {isa = PBXBuildFile; fileRef = 9ABA643A23AFB7A500C08990 /* Login.storyboard */; };
		9ABA643E23AFBA8500C08990 /* LoginViewController.swift in Sources */ = {isa = PBXBuildFile; fileRef = 9ABA643D23AFBA8500C08990 /* LoginViewController.swift */; };
		9ABA644123AFBD2200C08990 /* LoginViewModel.swift in Sources */ = {isa = PBXBuildFile; fileRef = 9ABA644023AFBD2200C08990 /* LoginViewModel.swift */; };
		9ABA644423AFC15100C08990 /* Router.swift in Sources */ = {isa = PBXBuildFile; fileRef = 9ABA644323AFC15100C08990 /* Router.swift */; };
		9ABA644623AFE1C800C08990 /* UserManager.swift in Sources */ = {isa = PBXBuildFile; fileRef = 9ABA644523AFE1C800C08990 /* UserManager.swift */; };
		9ABA644823AFEC8700C08990 /* SignUp.storyboard in Resources */ = {isa = PBXBuildFile; fileRef = 9ABA644723AFEC8700C08990 /* SignUp.storyboard */; };
		9ABA644A23AFEE4500C08990 /* NetworkMock.swift in Sources */ = {isa = PBXBuildFile; fileRef = 9ABA644923AFEE4500C08990 /* NetworkMock.swift */; };
		9ABA644C23AFF3F400C08990 /* SignUpViewController.swift in Sources */ = {isa = PBXBuildFile; fileRef = 9ABA644B23AFF3F400C08990 /* SignUpViewController.swift */; };
		9ABA644E23AFF4A100C08990 /* SignUpViewModel.swift in Sources */ = {isa = PBXBuildFile; fileRef = 9ABA644D23AFF4A100C08990 /* SignUpViewModel.swift */; };
		9ABA645023AFF6C000C08990 /* BaseViewModel.swift in Sources */ = {isa = PBXBuildFile; fileRef = 9ABA644F23AFF6C000C08990 /* BaseViewModel.swift */; };
		9ABA645223B0492000C08990 /* AskForPassword.storyboard in Resources */ = {isa = PBXBuildFile; fileRef = 9ABA645123B0492000C08990 /* AskForPassword.storyboard */; };
		9ABA645423B067D300C08990 /* AskForPasswordViewController.swift in Sources */ = {isa = PBXBuildFile; fileRef = 9ABA645323B067D300C08990 /* AskForPasswordViewController.swift */; };
		9ABA645623B067F100C08990 /* AskForPasswordViewModel.swift in Sources */ = {isa = PBXBuildFile; fileRef = 9ABA645523B067F100C08990 /* AskForPasswordViewModel.swift */; };
		9ABA645823B0717C00C08990 /* RulingCreation.storyboard in Resources */ = {isa = PBXBuildFile; fileRef = 9ABA645723B0717C00C08990 /* RulingCreation.storyboard */; };
		9ABA645A23B0739F00C08990 /* RulingCreationViewController.swift in Sources */ = {isa = PBXBuildFile; fileRef = 9ABA645923B0739E00C08990 /* RulingCreationViewController.swift */; };
		9ABA645C23B07C0600C08990 /* RulingCreationViewModel.swift in Sources */ = {isa = PBXBuildFile; fileRef = 9ABA645B23B07C0600C08990 /* RulingCreationViewModel.swift */; };
		9ABA645E23B0842F00C08990 /* Ruling.swift in Sources */ = {isa = PBXBuildFile; fileRef = 9ABA645D23B0842F00C08990 /* Ruling.swift */; };
		CD87C0852744DFB52C26C56E /* Pods_UDSChallenge.framework in Frameworks */ = {isa = PBXBuildFile; fileRef = 6BA3F583FBEA3B1B56A28F82 /* Pods_UDSChallenge.framework */; };
/* End PBXBuildFile section */

/* Begin PBXContainerItemProxy section */
		9ABA642B23AFB42200C08990 /* PBXContainerItemProxy */ = {
			isa = PBXContainerItemProxy;
			containerPortal = 9ABA640C23AFB41D00C08990 /* Project object */;
			proxyType = 1;
			remoteGlobalIDString = 9ABA641323AFB41E00C08990;
			remoteInfo = UDSChallenge;
		};
/* End PBXContainerItemProxy section */

/* Begin PBXFileReference section */
		4CE6B04FCEDC7A664A0C9281 /* Pods_UDSChallengeTests.framework */ = {isa = PBXFileReference; explicitFileType = wrapper.framework; includeInIndex = 0; path = Pods_UDSChallengeTests.framework; sourceTree = BUILT_PRODUCTS_DIR; };
		6BA3F583FBEA3B1B56A28F82 /* Pods_UDSChallenge.framework */ = {isa = PBXFileReference; explicitFileType = wrapper.framework; includeInIndex = 0; path = Pods_UDSChallenge.framework; sourceTree = BUILT_PRODUCTS_DIR; };
		861B7376BDDF25F1D4F9126D /* Pods-UDSChallengeTests.release.xcconfig */ = {isa = PBXFileReference; includeInIndex = 1; lastKnownFileType = text.xcconfig; name = "Pods-UDSChallengeTests.release.xcconfig"; path = "Target Support Files/Pods-UDSChallengeTests/Pods-UDSChallengeTests.release.xcconfig"; sourceTree = "<group>"; };
		9ABA641423AFB41E00C08990 /* UDSChallenge.app */ = {isa = PBXFileReference; explicitFileType = wrapper.application; includeInIndex = 0; path = UDSChallenge.app; sourceTree = BUILT_PRODUCTS_DIR; };
		9ABA641723AFB41E00C08990 /* AppDelegate.swift */ = {isa = PBXFileReference; lastKnownFileType = sourcecode.swift; path = AppDelegate.swift; sourceTree = "<group>"; };
		9ABA641923AFB41E00C08990 /* SceneDelegate.swift */ = {isa = PBXFileReference; lastKnownFileType = sourcecode.swift; path = SceneDelegate.swift; sourceTree = "<group>"; };
		9ABA641B23AFB41E00C08990 /* ViewController.swift */ = {isa = PBXFileReference; lastKnownFileType = sourcecode.swift; path = ViewController.swift; sourceTree = "<group>"; };
		9ABA641E23AFB41E00C08990 /* Base */ = {isa = PBXFileReference; lastKnownFileType = file.storyboard; name = Base; path = Base.lproj/Main.storyboard; sourceTree = "<group>"; };
		9ABA642023AFB42200C08990 /* Assets.xcassets */ = {isa = PBXFileReference; lastKnownFileType = folder.assetcatalog; path = Assets.xcassets; sourceTree = "<group>"; };
		9ABA642323AFB42200C08990 /* Base */ = {isa = PBXFileReference; lastKnownFileType = file.storyboard; name = Base; path = Base.lproj/LaunchScreen.storyboard; sourceTree = "<group>"; };
		9ABA642523AFB42200C08990 /* Info.plist */ = {isa = PBXFileReference; lastKnownFileType = text.plist.xml; path = Info.plist; sourceTree = "<group>"; };
		9ABA642A23AFB42200C08990 /* UDSChallengeTests.xctest */ = {isa = PBXFileReference; explicitFileType = wrapper.cfbundle; includeInIndex = 0; path = UDSChallengeTests.xctest; sourceTree = BUILT_PRODUCTS_DIR; };
		9ABA642E23AFB42200C08990 /* UDSChallengeTests.swift */ = {isa = PBXFileReference; lastKnownFileType = sourcecode.swift; path = UDSChallengeTests.swift; sourceTree = "<group>"; };
		9ABA643023AFB42200C08990 /* Info.plist */ = {isa = PBXFileReference; lastKnownFileType = text.plist.xml; path = Info.plist; sourceTree = "<group>"; };
		9ABA643A23AFB7A500C08990 /* Login.storyboard */ = {isa = PBXFileReference; lastKnownFileType = file.storyboard; path = Login.storyboard; sourceTree = "<group>"; };
		9ABA643D23AFBA8500C08990 /* LoginViewController.swift */ = {isa = PBXFileReference; lastKnownFileType = sourcecode.swift; path = LoginViewController.swift; sourceTree = "<group>"; };
		9ABA644023AFBD2200C08990 /* LoginViewModel.swift */ = {isa = PBXFileReference; lastKnownFileType = sourcecode.swift; path = LoginViewModel.swift; sourceTree = "<group>"; };
		9ABA644323AFC15100C08990 /* Router.swift */ = {isa = PBXFileReference; lastKnownFileType = sourcecode.swift; path = Router.swift; sourceTree = "<group>"; };
		9ABA644523AFE1C800C08990 /* UserManager.swift */ = {isa = PBXFileReference; lastKnownFileType = sourcecode.swift; path = UserManager.swift; sourceTree = "<group>"; };
		9ABA644723AFEC8700C08990 /* SignUp.storyboard */ = {isa = PBXFileReference; lastKnownFileType = file.storyboard; path = SignUp.storyboard; sourceTree = "<group>"; };
		9ABA644923AFEE4500C08990 /* NetworkMock.swift */ = {isa = PBXFileReference; lastKnownFileType = sourcecode.swift; path = NetworkMock.swift; sourceTree = "<group>"; };
		9ABA644B23AFF3F400C08990 /* SignUpViewController.swift */ = {isa = PBXFileReference; lastKnownFileType = sourcecode.swift; path = SignUpViewController.swift; sourceTree = "<group>"; };
		9ABA644D23AFF4A100C08990 /* SignUpViewModel.swift */ = {isa = PBXFileReference; lastKnownFileType = sourcecode.swift; path = SignUpViewModel.swift; sourceTree = "<group>"; };
		9ABA644F23AFF6C000C08990 /* BaseViewModel.swift */ = {isa = PBXFileReference; lastKnownFileType = sourcecode.swift; path = BaseViewModel.swift; sourceTree = "<group>"; };
		9ABA645123B0492000C08990 /* AskForPassword.storyboard */ = {isa = PBXFileReference; lastKnownFileType = file.storyboard; path = AskForPassword.storyboard; sourceTree = "<group>"; };
		9ABA645323B067D300C08990 /* AskForPasswordViewController.swift */ = {isa = PBXFileReference; lastKnownFileType = sourcecode.swift; path = AskForPasswordViewController.swift; sourceTree = "<group>"; };
		9ABA645523B067F100C08990 /* AskForPasswordViewModel.swift */ = {isa = PBXFileReference; lastKnownFileType = sourcecode.swift; path = AskForPasswordViewModel.swift; sourceTree = "<group>"; };
		9ABA645723B0717C00C08990 /* RulingCreation.storyboard */ = {isa = PBXFileReference; lastKnownFileType = file.storyboard; path = RulingCreation.storyboard; sourceTree = "<group>"; };
		9ABA645923B0739E00C08990 /* RulingCreationViewController.swift */ = {isa = PBXFileReference; lastKnownFileType = sourcecode.swift; path = RulingCreationViewController.swift; sourceTree = "<group>"; };
		9ABA645B23B07C0600C08990 /* RulingCreationViewModel.swift */ = {isa = PBXFileReference; lastKnownFileType = sourcecode.swift; path = RulingCreationViewModel.swift; sourceTree = "<group>"; };
		9ABA645D23B0842F00C08990 /* Ruling.swift */ = {isa = PBXFileReference; lastKnownFileType = sourcecode.swift; path = Ruling.swift; sourceTree = "<group>"; };
		AD1531BCE0322078CC50B685 /* Pods-UDSChallengeTests.debug.xcconfig */ = {isa = PBXFileReference; includeInIndex = 1; lastKnownFileType = text.xcconfig; name = "Pods-UDSChallengeTests.debug.xcconfig"; path = "Target Support Files/Pods-UDSChallengeTests/Pods-UDSChallengeTests.debug.xcconfig"; sourceTree = "<group>"; };
		B2053B1E270722CECDAB840D /* Pods-UDSChallenge.debug.xcconfig */ = {isa = PBXFileReference; includeInIndex = 1; lastKnownFileType = text.xcconfig; name = "Pods-UDSChallenge.debug.xcconfig"; path = "Target Support Files/Pods-UDSChallenge/Pods-UDSChallenge.debug.xcconfig"; sourceTree = "<group>"; };
		C7F06FC722A374CF179DB621 /* Pods-UDSChallenge.release.xcconfig */ = {isa = PBXFileReference; includeInIndex = 1; lastKnownFileType = text.xcconfig; name = "Pods-UDSChallenge.release.xcconfig"; path = "Target Support Files/Pods-UDSChallenge/Pods-UDSChallenge.release.xcconfig"; sourceTree = "<group>"; };
/* End PBXFileReference section */

/* Begin PBXFrameworksBuildPhase section */
		9ABA641123AFB41E00C08990 /* Frameworks */ = {
			isa = PBXFrameworksBuildPhase;
			buildActionMask = 2147483647;
			files = (
				CD87C0852744DFB52C26C56E /* Pods_UDSChallenge.framework in Frameworks */,
			);
			runOnlyForDeploymentPostprocessing = 0;
		};
		9ABA642723AFB42200C08990 /* Frameworks */ = {
			isa = PBXFrameworksBuildPhase;
			buildActionMask = 2147483647;
			files = (
				8A289441A57C1FEE7D7DDD95 /* Pods_UDSChallengeTests.framework in Frameworks */,
			);
			runOnlyForDeploymentPostprocessing = 0;
		};
/* End PBXFrameworksBuildPhase section */

/* Begin PBXGroup section */
		5F0DCE8779D7E378B718D217 /* Pods */ = {
			isa = PBXGroup;
			children = (
				B2053B1E270722CECDAB840D /* Pods-UDSChallenge.debug.xcconfig */,
				C7F06FC722A374CF179DB621 /* Pods-UDSChallenge.release.xcconfig */,
				AD1531BCE0322078CC50B685 /* Pods-UDSChallengeTests.debug.xcconfig */,
				861B7376BDDF25F1D4F9126D /* Pods-UDSChallengeTests.release.xcconfig */,
			);
			path = Pods;
			sourceTree = "<group>";
		};
		9ABA640B23AFB41D00C08990 = {
			isa = PBXGroup;
			children = (
				9ABA641623AFB41E00C08990 /* UDSChallenge */,
				9ABA642D23AFB42200C08990 /* UDSChallengeTests */,
				9ABA641523AFB41E00C08990 /* Products */,
				5F0DCE8779D7E378B718D217 /* Pods */,
				FE73704ECEA15281B1A5F2E2 /* Frameworks */,
			);
			sourceTree = "<group>";
		};
		9ABA641523AFB41E00C08990 /* Products */ = {
			isa = PBXGroup;
			children = (
				9ABA641423AFB41E00C08990 /* UDSChallenge.app */,
				9ABA642A23AFB42200C08990 /* UDSChallengeTests.xctest */,
			);
			name = Products;
			sourceTree = "<group>";
		};
		9ABA641623AFB41E00C08990 /* UDSChallenge */ = {
			isa = PBXGroup;
			children = (
				9ABA644223AFC14900C08990 /* Model */,
				9ABA643F23AFBCFF00C08990 /* ViewModel */,
				9ABA641723AFB41E00C08990 /* AppDelegate.swift */,
				9ABA641923AFB41E00C08990 /* SceneDelegate.swift */,
				9ABA643C23AFBA6600C08990 /* ViewController */,
				9ABA643923AFB77A00C08990 /* Storyboard */,
				9ABA642023AFB42200C08990 /* Assets.xcassets */,
				9ABA642523AFB42200C08990 /* Info.plist */,
			);
			path = UDSChallenge;
			sourceTree = "<group>";
		};
		9ABA642D23AFB42200C08990 /* UDSChallengeTests */ = {
			isa = PBXGroup;
			children = (
				9ABA642E23AFB42200C08990 /* UDSChallengeTests.swift */,
				9ABA643023AFB42200C08990 /* Info.plist */,
			);
			path = UDSChallengeTests;
			sourceTree = "<group>";
		};
		9ABA643923AFB77A00C08990 /* Storyboard */ = {
			isa = PBXGroup;
			children = (
				9ABA641D23AFB41E00C08990 /* Main.storyboard */,
				9ABA642223AFB42200C08990 /* LaunchScreen.storyboard */,
				9ABA643A23AFB7A500C08990 /* Login.storyboard */,
				9ABA645123B0492000C08990 /* AskForPassword.storyboard */,
				9ABA644723AFEC8700C08990 /* SignUp.storyboard */,
				9ABA645723B0717C00C08990 /* RulingCreation.storyboard */,
			);
			path = Storyboard;
			sourceTree = "<group>";
		};
		9ABA643C23AFBA6600C08990 /* ViewController */ = {
			isa = PBXGroup;
			children = (
				9ABA641B23AFB41E00C08990 /* ViewController.swift */,
				9ABA643D23AFBA8500C08990 /* LoginViewController.swift */,
				9ABA644B23AFF3F400C08990 /* SignUpViewController.swift */,
				9ABA645323B067D300C08990 /* AskForPasswordViewController.swift */,
				9ABA645923B0739E00C08990 /* RulingCreationViewController.swift */,
			);
			path = ViewController;
			sourceTree = "<group>";
		};
		9ABA643F23AFBCFF00C08990 /* ViewModel */ = {
			isa = PBXGroup;
			children = (
				9ABA644023AFBD2200C08990 /* LoginViewModel.swift */,
				9ABA644D23AFF4A100C08990 /* SignUpViewModel.swift */,
				9ABA644F23AFF6C000C08990 /* BaseViewModel.swift */,
				9ABA645523B067F100C08990 /* AskForPasswordViewModel.swift */,
				9ABA645B23B07C0600C08990 /* RulingCreationViewModel.swift */,
			);
			path = ViewModel;
			sourceTree = "<group>";
		};
		9ABA644223AFC14900C08990 /* Model */ = {
			isa = PBXGroup;
			children = (
				9ABA644323AFC15100C08990 /* Router.swift */,
				9ABA645D23B0842F00C08990 /* Ruling.swift */,
				9ABA644523AFE1C800C08990 /* UserManager.swift */,
				9ABA644923AFEE4500C08990 /* NetworkMock.swift */,
			);
			path = Model;
			sourceTree = "<group>";
		};
		FE73704ECEA15281B1A5F2E2 /* Frameworks */ = {
			isa = PBXGroup;
			children = (
				6BA3F583FBEA3B1B56A28F82 /* Pods_UDSChallenge.framework */,
				4CE6B04FCEDC7A664A0C9281 /* Pods_UDSChallengeTests.framework */,
			);
			name = Frameworks;
			sourceTree = "<group>";
		};
/* End PBXGroup section */

/* Begin PBXNativeTarget section */
		9ABA641323AFB41E00C08990 /* UDSChallenge */ = {
			isa = PBXNativeTarget;
			buildConfigurationList = 9ABA643323AFB42200C08990 /* Build configuration list for PBXNativeTarget "UDSChallenge" */;
			buildPhases = (
				E37A8B36CB4796A6C30F027E /* [CP] Check Pods Manifest.lock */,
				9ABA641023AFB41E00C08990 /* Sources */,
				9ABA641123AFB41E00C08990 /* Frameworks */,
				9ABA641223AFB41E00C08990 /* Resources */,
				C7D046342C72444223542710 /* [CP] Embed Pods Frameworks */,
			);
			buildRules = (
			);
			dependencies = (
			);
			name = UDSChallenge;
			productName = UDSChallenge;
			productReference = 9ABA641423AFB41E00C08990 /* UDSChallenge.app */;
			productType = "com.apple.product-type.application";
		};
		9ABA642923AFB42200C08990 /* UDSChallengeTests */ = {
			isa = PBXNativeTarget;
			buildConfigurationList = 9ABA643623AFB42200C08990 /* Build configuration list for PBXNativeTarget "UDSChallengeTests" */;
			buildPhases = (
				2CF39F94A88A340B808ADBBE /* [CP] Check Pods Manifest.lock */,
				9ABA642623AFB42200C08990 /* Sources */,
				9ABA642723AFB42200C08990 /* Frameworks */,
				9ABA642823AFB42200C08990 /* Resources */,
			);
			buildRules = (
			);
			dependencies = (
				9ABA642C23AFB42200C08990 /* PBXTargetDependency */,
			);
			name = UDSChallengeTests;
			productName = UDSChallengeTests;
			productReference = 9ABA642A23AFB42200C08990 /* UDSChallengeTests.xctest */;
			productType = "com.apple.product-type.bundle.unit-test";
		};
/* End PBXNativeTarget section */

/* Begin PBXProject section */
		9ABA640C23AFB41D00C08990 /* Project object */ = {
			isa = PBXProject;
			attributes = {
				LastSwiftUpdateCheck = 1130;
				LastUpgradeCheck = 1130;
				ORGANIZATIONNAME = "Bruno Dorneles";
				TargetAttributes = {
					9ABA641323AFB41E00C08990 = {
						CreatedOnToolsVersion = 11.3;
					};
					9ABA642923AFB42200C08990 = {
						CreatedOnToolsVersion = 11.3;
						TestTargetID = 9ABA641323AFB41E00C08990;
					};
				};
			};
			buildConfigurationList = 9ABA640F23AFB41D00C08990 /* Build configuration list for PBXProject "UDSChallenge" */;
			compatibilityVersion = "Xcode 9.3";
			developmentRegion = en;
			hasScannedForEncodings = 0;
			knownRegions = (
				en,
				Base,
			);
			mainGroup = 9ABA640B23AFB41D00C08990;
			productRefGroup = 9ABA641523AFB41E00C08990 /* Products */;
			projectDirPath = "";
			projectRoot = "";
			targets = (
				9ABA641323AFB41E00C08990 /* UDSChallenge */,
				9ABA642923AFB42200C08990 /* UDSChallengeTests */,
			);
		};
/* End PBXProject section */

/* Begin PBXResourcesBuildPhase section */
		9ABA641223AFB41E00C08990 /* Resources */ = {
			isa = PBXResourcesBuildPhase;
			buildActionMask = 2147483647;
			files = (
				9ABA645823B0717C00C08990 /* RulingCreation.storyboard in Resources */,
				9ABA643B23AFB7A500C08990 /* Login.storyboard in Resources */,
				9ABA645223B0492000C08990 /* AskForPassword.storyboard in Resources */,
				9ABA642423AFB42200C08990 /* LaunchScreen.storyboard in Resources */,
				9ABA642123AFB42200C08990 /* Assets.xcassets in Resources */,
				9ABA641F23AFB41E00C08990 /* Main.storyboard in Resources */,
				9ABA644823AFEC8700C08990 /* SignUp.storyboard in Resources */,
			);
			runOnlyForDeploymentPostprocessing = 0;
		};
		9ABA642823AFB42200C08990 /* Resources */ = {
			isa = PBXResourcesBuildPhase;
			buildActionMask = 2147483647;
			files = (
			);
			runOnlyForDeploymentPostprocessing = 0;
		};
/* End PBXResourcesBuildPhase section */

/* Begin PBXShellScriptBuildPhase section */
		2CF39F94A88A340B808ADBBE /* [CP] Check Pods Manifest.lock */ = {
			isa = PBXShellScriptBuildPhase;
			buildActionMask = 2147483647;
			files = (
			);
			inputFileListPaths = (
			);
			inputPaths = (
				"${PODS_PODFILE_DIR_PATH}/Podfile.lock",
				"${PODS_ROOT}/Manifest.lock",
			);
			name = "[CP] Check Pods Manifest.lock";
			outputFileListPaths = (
			);
			outputPaths = (
				"$(DERIVED_FILE_DIR)/Pods-UDSChallengeTests-checkManifestLockResult.txt",
			);
			runOnlyForDeploymentPostprocessing = 0;
			shellPath = /bin/sh;
			shellScript = "diff \"${PODS_PODFILE_DIR_PATH}/Podfile.lock\" \"${PODS_ROOT}/Manifest.lock\" > /dev/null\nif [ $? != 0 ] ; then\n    # print error to STDERR\n    echo \"error: The sandbox is not in sync with the Podfile.lock. Run 'pod install' or update your CocoaPods installation.\" >&2\n    exit 1\nfi\n# This output is used by Xcode 'outputs' to avoid re-running this script phase.\necho \"SUCCESS\" > \"${SCRIPT_OUTPUT_FILE_0}\"\n";
			showEnvVarsInLog = 0;
		};
		C7D046342C72444223542710 /* [CP] Embed Pods Frameworks */ = {
			isa = PBXShellScriptBuildPhase;
			buildActionMask = 2147483647;
			files = (
			);
			inputFileListPaths = (
				"${PODS_ROOT}/Target Support Files/Pods-UDSChallenge/Pods-UDSChallenge-frameworks-${CONFIGURATION}-input-files.xcfilelist",
			);
			name = "[CP] Embed Pods Frameworks";
			outputFileListPaths = (
				"${PODS_ROOT}/Target Support Files/Pods-UDSChallenge/Pods-UDSChallenge-frameworks-${CONFIGURATION}-output-files.xcfilelist",
			);
			runOnlyForDeploymentPostprocessing = 0;
			shellPath = /bin/sh;
			shellScript = "\"${PODS_ROOT}/Target Support Files/Pods-UDSChallenge/Pods-UDSChallenge-frameworks.sh\"\n";
			showEnvVarsInLog = 0;
		};
		E37A8B36CB4796A6C30F027E /* [CP] Check Pods Manifest.lock */ = {
			isa = PBXShellScriptBuildPhase;
			buildActionMask = 2147483647;
			files = (
			);
			inputFileListPaths = (
			);
			inputPaths = (
				"${PODS_PODFILE_DIR_PATH}/Podfile.lock",
				"${PODS_ROOT}/Manifest.lock",
			);
			name = "[CP] Check Pods Manifest.lock";
			outputFileListPaths = (
			);
			outputPaths = (
				"$(DERIVED_FILE_DIR)/Pods-UDSChallenge-checkManifestLockResult.txt",
			);
			runOnlyForDeploymentPostprocessing = 0;
			shellPath = /bin/sh;
			shellScript = "diff \"${PODS_PODFILE_DIR_PATH}/Podfile.lock\" \"${PODS_ROOT}/Manifest.lock\" > /dev/null\nif [ $? != 0 ] ; then\n    # print error to STDERR\n    echo \"error: The sandbox is not in sync with the Podfile.lock. Run 'pod install' or update your CocoaPods installation.\" >&2\n    exit 1\nfi\n# This output is used by Xcode 'outputs' to avoid re-running this script phase.\necho \"SUCCESS\" > \"${SCRIPT_OUTPUT_FILE_0}\"\n";
			showEnvVarsInLog = 0;
		};
/* End PBXShellScriptBuildPhase section */

/* Begin PBXSourcesBuildPhase section */
		9ABA641023AFB41E00C08990 /* Sources */ = {
			isa = PBXSourcesBuildPhase;
			buildActionMask = 2147483647;
			files = (
				9ABA644A23AFEE4500C08990 /* NetworkMock.swift in Sources */,
				9ABA645023AFF6C000C08990 /* BaseViewModel.swift in Sources */,
				9ABA643E23AFBA8500C08990 /* LoginViewController.swift in Sources */,
				9ABA644E23AFF4A100C08990 /* SignUpViewModel.swift in Sources */,
				9ABA641C23AFB41E00C08990 /* ViewController.swift in Sources */,
				9ABA645423B067D300C08990 /* AskForPasswordViewController.swift in Sources */,
				9ABA644623AFE1C800C08990 /* UserManager.swift in Sources */,
				9ABA645C23B07C0600C08990 /* RulingCreationViewModel.swift in Sources */,
				9ABA645E23B0842F00C08990 /* Ruling.swift in Sources */,
				9ABA645623B067F100C08990 /* AskForPasswordViewModel.swift in Sources */,
				9ABA645A23B0739F00C08990 /* RulingCreationViewController.swift in Sources */,
				9ABA641823AFB41E00C08990 /* AppDelegate.swift in Sources */,
				9ABA644123AFBD2200C08990 /* LoginViewModel.swift in Sources */,
				9ABA644C23AFF3F400C08990 /* SignUpViewController.swift in Sources */,
				9ABA644423AFC15100C08990 /* Router.swift in Sources */,
				9ABA641A23AFB41E00C08990 /* SceneDelegate.swift in Sources */,
			);
			runOnlyForDeploymentPostprocessing = 0;
		};
		9ABA642623AFB42200C08990 /* Sources */ = {
			isa = PBXSourcesBuildPhase;
			buildActionMask = 2147483647;
			files = (
				9ABA642F23AFB42200C08990 /* UDSChallengeTests.swift in Sources */,
			);
			runOnlyForDeploymentPostprocessing = 0;
		};
/* End PBXSourcesBuildPhase section */

/* Begin PBXTargetDependency section */
		9ABA642C23AFB42200C08990 /* PBXTargetDependency */ = {
			isa = PBXTargetDependency;
			target = 9ABA641323AFB41E00C08990 /* UDSChallenge */;
			targetProxy = 9ABA642B23AFB42200C08990 /* PBXContainerItemProxy */;
		};
/* End PBXTargetDependency section */

/* Begin PBXVariantGroup section */
		9ABA641D23AFB41E00C08990 /* Main.storyboard */ = {
			isa = PBXVariantGroup;
			children = (
				9ABA641E23AFB41E00C08990 /* Base */,
			);
			name = Main.storyboard;
			sourceTree = "<group>";
		};
		9ABA642223AFB42200C08990 /* LaunchScreen.storyboard */ = {
			isa = PBXVariantGroup;
			children = (
				9ABA642323AFB42200C08990 /* Base */,
			);
			name = LaunchScreen.storyboard;
			sourceTree = "<group>";
		};
/* End PBXVariantGroup section */

/* Begin XCBuildConfiguration section */
		9ABA643123AFB42200C08990 /* Debug */ = {
			isa = XCBuildConfiguration;
			buildSettings = {
				ALWAYS_SEARCH_USER_PATHS = NO;
				CLANG_ANALYZER_NONNULL = YES;
				CLANG_ANALYZER_NUMBER_OBJECT_CONVERSION = YES_AGGRESSIVE;
				CLANG_CXX_LANGUAGE_STANDARD = "gnu++14";
				CLANG_CXX_LIBRARY = "libc++";
				CLANG_ENABLE_MODULES = YES;
				CLANG_ENABLE_OBJC_ARC = YES;
				CLANG_ENABLE_OBJC_WEAK = YES;
				CLANG_WARN_BLOCK_CAPTURE_AUTORELEASING = YES;
				CLANG_WARN_BOOL_CONVERSION = YES;
				CLANG_WARN_COMMA = YES;
				CLANG_WARN_CONSTANT_CONVERSION = YES;
				CLANG_WARN_DEPRECATED_OBJC_IMPLEMENTATIONS = YES;
				CLANG_WARN_DIRECT_OBJC_ISA_USAGE = YES_ERROR;
				CLANG_WARN_DOCUMENTATION_COMMENTS = YES;
				CLANG_WARN_EMPTY_BODY = YES;
				CLANG_WARN_ENUM_CONVERSION = YES;
				CLANG_WARN_INFINITE_RECURSION = YES;
				CLANG_WARN_INT_CONVERSION = YES;
				CLANG_WARN_NON_LITERAL_NULL_CONVERSION = YES;
				CLANG_WARN_OBJC_IMPLICIT_RETAIN_SELF = YES;
				CLANG_WARN_OBJC_LITERAL_CONVERSION = YES;
				CLANG_WARN_OBJC_ROOT_CLASS = YES_ERROR;
				CLANG_WARN_RANGE_LOOP_ANALYSIS = YES;
				CLANG_WARN_STRICT_PROTOTYPES = YES;
				CLANG_WARN_SUSPICIOUS_MOVE = YES;
				CLANG_WARN_UNGUARDED_AVAILABILITY = YES_AGGRESSIVE;
				CLANG_WARN_UNREACHABLE_CODE = YES;
				CLANG_WARN__DUPLICATE_METHOD_MATCH = YES;
				COPY_PHASE_STRIP = NO;
				DEBUG_INFORMATION_FORMAT = dwarf;
				ENABLE_STRICT_OBJC_MSGSEND = YES;
				ENABLE_TESTABILITY = YES;
				GCC_C_LANGUAGE_STANDARD = gnu11;
				GCC_DYNAMIC_NO_PIC = NO;
				GCC_NO_COMMON_BLOCKS = YES;
				GCC_OPTIMIZATION_LEVEL = 0;
				GCC_PREPROCESSOR_DEFINITIONS = (
					"DEBUG=1",
					"$(inherited)",
				);
				GCC_WARN_64_TO_32_BIT_CONVERSION = YES;
				GCC_WARN_ABOUT_RETURN_TYPE = YES_ERROR;
				GCC_WARN_UNDECLARED_SELECTOR = YES;
				GCC_WARN_UNINITIALIZED_AUTOS = YES_AGGRESSIVE;
				GCC_WARN_UNUSED_FUNCTION = YES;
				GCC_WARN_UNUSED_VARIABLE = YES;
				IPHONEOS_DEPLOYMENT_TARGET = 13.2;
				MTL_ENABLE_DEBUG_INFO = INCLUDE_SOURCE;
				MTL_FAST_MATH = YES;
				ONLY_ACTIVE_ARCH = YES;
				SDKROOT = iphoneos;
				SWIFT_ACTIVE_COMPILATION_CONDITIONS = DEBUG;
				SWIFT_OPTIMIZATION_LEVEL = "-Onone";
			};
			name = Debug;
		};
		9ABA643223AFB42200C08990 /* Release */ = {
			isa = XCBuildConfiguration;
			buildSettings = {
				ALWAYS_SEARCH_USER_PATHS = NO;
				CLANG_ANALYZER_NONNULL = YES;
				CLANG_ANALYZER_NUMBER_OBJECT_CONVERSION = YES_AGGRESSIVE;
				CLANG_CXX_LANGUAGE_STANDARD = "gnu++14";
				CLANG_CXX_LIBRARY = "libc++";
				CLANG_ENABLE_MODULES = YES;
				CLANG_ENABLE_OBJC_ARC = YES;
				CLANG_ENABLE_OBJC_WEAK = YES;
				CLANG_WARN_BLOCK_CAPTURE_AUTORELEASING = YES;
				CLANG_WARN_BOOL_CONVERSION = YES;
				CLANG_WARN_COMMA = YES;
				CLANG_WARN_CONSTANT_CONVERSION = YES;
				CLANG_WARN_DEPRECATED_OBJC_IMPLEMENTATIONS = YES;
				CLANG_WARN_DIRECT_OBJC_ISA_USAGE = YES_ERROR;
				CLANG_WARN_DOCUMENTATION_COMMENTS = YES;
				CLANG_WARN_EMPTY_BODY = YES;
				CLANG_WARN_ENUM_CONVERSION = YES;
				CLANG_WARN_INFINITE_RECURSION = YES;
				CLANG_WARN_INT_CONVERSION = YES;
				CLANG_WARN_NON_LITERAL_NULL_CONVERSION = YES;
				CLANG_WARN_OBJC_IMPLICIT_RETAIN_SELF = YES;
				CLANG_WARN_OBJC_LITERAL_CONVERSION = YES;
				CLANG_WARN_OBJC_ROOT_CLASS = YES_ERROR;
				CLANG_WARN_RANGE_LOOP_ANALYSIS = YES;
				CLANG_WARN_STRICT_PROTOTYPES = YES;
				CLANG_WARN_SUSPICIOUS_MOVE = YES;
				CLANG_WARN_UNGUARDED_AVAILABILITY = YES_AGGRESSIVE;
				CLANG_WARN_UNREACHABLE_CODE = YES;
				CLANG_WARN__DUPLICATE_METHOD_MATCH = YES;
				COPY_PHASE_STRIP = NO;
				DEBUG_INFORMATION_FORMAT = "dwarf-with-dsym";
				ENABLE_NS_ASSERTIONS = NO;
				ENABLE_STRICT_OBJC_MSGSEND = YES;
				GCC_C_LANGUAGE_STANDARD = gnu11;
				GCC_NO_COMMON_BLOCKS = YES;
				GCC_WARN_64_TO_32_BIT_CONVERSION = YES;
				GCC_WARN_ABOUT_RETURN_TYPE = YES_ERROR;
				GCC_WARN_UNDECLARED_SELECTOR = YES;
				GCC_WARN_UNINITIALIZED_AUTOS = YES_AGGRESSIVE;
				GCC_WARN_UNUSED_FUNCTION = YES;
				GCC_WARN_UNUSED_VARIABLE = YES;
				IPHONEOS_DEPLOYMENT_TARGET = 13.2;
				MTL_ENABLE_DEBUG_INFO = NO;
				MTL_FAST_MATH = YES;
				SDKROOT = iphoneos;
				SWIFT_COMPILATION_MODE = wholemodule;
				SWIFT_OPTIMIZATION_LEVEL = "-O";
				VALIDATE_PRODUCT = YES;
			};
			name = Release;
		};
		9ABA643423AFB42200C08990 /* Debug */ = {
			isa = XCBuildConfiguration;
			baseConfigurationReference = B2053B1E270722CECDAB840D /* Pods-UDSChallenge.debug.xcconfig */;
			buildSettings = {
				ASSETCATALOG_COMPILER_APPICON_NAME = AppIcon;
				CODE_SIGN_STYLE = Automatic;
				DEVELOPMENT_TEAM = 536GDVGJ68;
				INFOPLIST_FILE = UDSChallenge/Info.plist;
				LD_RUNPATH_SEARCH_PATHS = (
					"$(inherited)",
					"@executable_path/Frameworks",
				);
				PRODUCT_BUNDLE_IDENTIFIER = BrunoDorneles.UDSChallenge;
				PRODUCT_NAME = "$(TARGET_NAME)";
				SWIFT_VERSION = 5.0;
				TARGETED_DEVICE_FAMILY = "1,2";
			};
			name = Debug;
		};
		9ABA643523AFB42200C08990 /* Release */ = {
			isa = XCBuildConfiguration;
			baseConfigurationReference = C7F06FC722A374CF179DB621 /* Pods-UDSChallenge.release.xcconfig */;
			buildSettings = {
				ASSETCATALOG_COMPILER_APPICON_NAME = AppIcon;
				CODE_SIGN_STYLE = Automatic;
				DEVELOPMENT_TEAM = 536GDVGJ68;
				INFOPLIST_FILE = UDSChallenge/Info.plist;
				LD_RUNPATH_SEARCH_PATHS = (
					"$(inherited)",
					"@executable_path/Frameworks",
				);
				PRODUCT_BUNDLE_IDENTIFIER = BrunoDorneles.UDSChallenge;
				PRODUCT_NAME = "$(TARGET_NAME)";
				SWIFT_VERSION = 5.0;
				TARGETED_DEVICE_FAMILY = "1,2";
			};
			name = Release;
		};
		9ABA643723AFB42200C08990 /* Debug */ = {
			isa = XCBuildConfiguration;
			baseConfigurationReference = AD1531BCE0322078CC50B685 /* Pods-UDSChallengeTests.debug.xcconfig */;
			buildSettings = {
				ALWAYS_EMBED_SWIFT_STANDARD_LIBRARIES = YES;
				BUNDLE_LOADER = "$(TEST_HOST)";
				CODE_SIGN_STYLE = Automatic;
				DEVELOPMENT_TEAM = 536GDVGJ68;
				INFOPLIST_FILE = UDSChallengeTests/Info.plist;
				IPHONEOS_DEPLOYMENT_TARGET = 13.2;
				LD_RUNPATH_SEARCH_PATHS = (
					"$(inherited)",
					"@executable_path/Frameworks",
					"@loader_path/Frameworks",
				);
				PRODUCT_BUNDLE_IDENTIFIER = BrunoDorneles.UDSChallengeTests;
				PRODUCT_NAME = "$(TARGET_NAME)";
				SWIFT_VERSION = 5.0;
				TARGETED_DEVICE_FAMILY = "1,2";
				TEST_HOST = "$(BUILT_PRODUCTS_DIR)/UDSChallenge.app/UDSChallenge";
			};
			name = Debug;
		};
		9ABA643823AFB42200C08990 /* Release */ = {
			isa = XCBuildConfiguration;
			baseConfigurationReference = 861B7376BDDF25F1D4F9126D /* Pods-UDSChallengeTests.release.xcconfig */;
			buildSettings = {
				ALWAYS_EMBED_SWIFT_STANDARD_LIBRARIES = YES;
				BUNDLE_LOADER = "$(TEST_HOST)";
				CODE_SIGN_STYLE = Automatic;
				DEVELOPMENT_TEAM = 536GDVGJ68;
				INFOPLIST_FILE = UDSChallengeTests/Info.plist;
				IPHONEOS_DEPLOYMENT_TARGET = 13.2;
				LD_RUNPATH_SEARCH_PATHS = (
					"$(inherited)",
					"@executable_path/Frameworks",
					"@loader_path/Frameworks",
				);
				PRODUCT_BUNDLE_IDENTIFIER = BrunoDorneles.UDSChallengeTests;
				PRODUCT_NAME = "$(TARGET_NAME)";
				SWIFT_VERSION = 5.0;
				TARGETED_DEVICE_FAMILY = "1,2";
				TEST_HOST = "$(BUILT_PRODUCTS_DIR)/UDSChallenge.app/UDSChallenge";
			};
			name = Release;
		};
/* End XCBuildConfiguration section */

/* Begin XCConfigurationList section */
		9ABA640F23AFB41D00C08990 /* Build configuration list for PBXProject "UDSChallenge" */ = {
			isa = XCConfigurationList;
			buildConfigurations = (
				9ABA643123AFB42200C08990 /* Debug */,
				9ABA643223AFB42200C08990 /* Release */,
			);
			defaultConfigurationIsVisible = 0;
			defaultConfigurationName = Release;
		};
		9ABA643323AFB42200C08990 /* Build configuration list for PBXNativeTarget "UDSChallenge" */ = {
			isa = XCConfigurationList;
			buildConfigurations = (
				9ABA643423AFB42200C08990 /* Debug */,
				9ABA643523AFB42200C08990 /* Release */,
			);
			defaultConfigurationIsVisible = 0;
			defaultConfigurationName = Release;
		};
		9ABA643623AFB42200C08990 /* Build configuration list for PBXNativeTarget "UDSChallengeTests" */ = {
			isa = XCConfigurationList;
			buildConfigurations = (
				9ABA643723AFB42200C08990 /* Debug */,
				9ABA643823AFB42200C08990 /* Release */,
			);
			defaultConfigurationIsVisible = 0;
			defaultConfigurationName = Release;
		};
/* End XCConfigurationList section */
	};
	rootObject = 9ABA640C23AFB41D00C08990 /* Project object */;
}
